
Microsoft Visual Studio Solution File, Format Version 12.00
# Visual Studio Version 17
VisualStudioVersion = 17.9.34701.34
MinimumVisualStudioVersion = 10.0.40219.1
Project("{9A19103F-16F7-4668-BE54-9A1E7A4F7556}") = "BulkyWeb", "BulkyWeb\BulkyWeb.csproj", "{12B57E1D-6A89-4591-A4E0-3D414108C4E8}"
EndProject
Project("{FAE04EC0-301F-11D3-BF4B-00C04F79EFBC}") = "Bulky.DataAccess", "BulkyDataAccess\Bulky.DataAccess.csproj", "{DB2D4DB7-95E1-44B8-B80B-45A2CA785047}"
EndProject
Project("{FAE04EC0-301F-11D3-BF4B-00C04F79EFBC}") = "Bulky.Utility", "BulkyUtility\Bulky.Utility.csproj", "{C0EE57A0-D710-42A7-AAC1-9A1FE37D00B9}"
EndProject
Project("{FAE04EC0-301F-11D3-BF4B-00C04F79EFBC}") = "Bulky.Models", "BulkyModels\Bulky.Models.csproj", "{2825ACAC-8AE0-4FD5-AB6A-CF3D7252473C}"
EndProject
Global
	GlobalSection(SolutionConfigurationPlatforms) = preSolution
		Debug|Any CPU = Debug|Any CPU
		Release|Any CPU = Release|Any CPU
	EndGlobalSection
	GlobalSection(ProjectConfigurationPlatforms) = postSolution
		{12B57E1D-6A89-4591-A4E0-3D414108C4E8}.Debug|Any CPU.ActiveCfg = Debug|Any CPU
		{12B57E1D-6A89-4591-A4E0-3D414108C4E8}.Debug|Any CPU.Build.0 = Debug|Any CPU
		{12B57E1D-6A89-4591-A4E0-3D414108C4E8}.Release|Any CPU.ActiveCfg = Release|Any CPU
		{12B57E1D-6A89-4591-A4E0-3D414108C4E8}.Release|Any CPU.Build.0 = Release|Any CPU
		{DB2D4DB7-95E1-44B8-B80B-45A2CA785047}.Debug|Any CPU.ActiveCfg = Debug|Any CPU
		{DB2D4DB7-95E1-44B8-B80B-45A2CA785047}.Debug|Any CPU.Build.0 = Debug|Any CPU
		{DB2D4DB7-95E1-44B8-B80B-45A2CA785047}.Release|Any CPU.ActiveCfg = Release|Any CPU
		{DB2D4DB7-95E1-44B8-B80B-45A2CA785047}.Release|Any CPU.Build.0 = Release|Any CPU
		{C0EE57A0-D710-42A7-AAC1-9A1FE37D00B9}.Debug|Any CPU.ActiveCfg = Debug|Any CPU
		{C0EE57A0-D710-42A7-AAC1-9A1FE37D00B9}.Debug|Any CPU.Build.0 = Debug|Any CPU
		{C0EE57A0-D710-42A7-AAC1-9A1FE37D00B9}.Release|Any CPU.ActiveCfg = Release|Any CPU
		{C0EE57A0-D710-42A7-AAC1-9A1FE37D00B9}.Release|Any CPU.Build.0 = Release|Any CPU
		{2825ACAC-8AE0-4FD5-AB6A-CF3D7252473C}.Debug|Any CPU.ActiveCfg = Debug|Any CPU
		{2825ACAC-8AE0-4FD5-AB6A-CF3D7252473C}.Debug|Any CPU.Build.0 = Debug|Any CPU
		{2825ACAC-8AE0-4FD5-AB6A-CF3D7252473C}.Release|Any CPU.ActiveCfg = Release|Any CPU
		{2825ACAC-8AE0-4FD5-AB6A-CF3D7252473C}.Release|Any CPU.Build.0 = Release|Any CPU
	EndGlobalSection
	GlobalSection(SolutionProperties) = preSolution
		HideSolutionNode = FALSE
	EndGlobalSection
	GlobalSection(ExtensibilityGlobals) = postSolution
		SolutionGuid = {8D8225F5-1375-4A19-A2CC-1799BF977A9C}
	EndGlobalSection
EndGlobal
